
Microsoft Visual Studio Solution File, Format Version 12.00
# Visual Studio Version 17
VisualStudioVersion = 17.6.33815.320
MinimumVisualStudioVersion = 10.0.40219.1
Project("{FAE04EC0-301F-11D3-BF4B-00C04F79EFBC}") = "ConsoleApp2", "ConsoleApp2\ConsoleApp2.csproj", "{DA5C8195-BC20-47FD-9B35-3A71B97D2C2E}"
EndProject
Global
	GlobalSection(SolutionConfigurationPlatforms) = preSolution
		Debug|Any CPU = Debug|Any CPU
		Release|Any CPU = Release|Any CPU
	EndGlobalSection
	GlobalSection(ProjectConfigurationPlatforms) = postSolution
		{DA5C8195-BC20-47FD-9B35-3A71B97D2C2E}.Debug|Any CPU.ActiveCfg = Debug|Any CPU
		{DA5C8195-BC20-47FD-9B35-3A71B97D2C2E}.Debug|Any CPU.Build.0 = Debug|Any CPU
		{DA5C8195-BC20-47FD-9B35-3A71B97D2C2E}.Release|Any CPU.ActiveCfg = Release|Any CPU
		{DA5C8195-BC20-47FD-9B35-3A71B97D2C2E}.Release|Any CPU.Build.0 = Release|Any CPU
	EndGlobalSection
	GlobalSection(SolutionProperties) = preSolution
		HideSolutionNode = FALSE
	EndGlobalSection
	GlobalSection(ExtensibilityGlobals) = postSolution
		SolutionGuid = {11BDFA34-C415-4F00-B44C-2BF06268118F}
	EndGlobalSection
EndGlobal
